
Microsoft Visual Studio Solution File, Format Version 12.00
# Visual Studio Version 16
VisualStudioVersion = 16.0.30413.136
MinimumVisualStudioVersion = 10.0.40219.1
Project("{FAE04EC0-301F-11D3-BF4B-00C04F79EFBC}") = "Spaceinvaders", "Spaceinvaders\Spaceinvaders.csproj", "{5AED6713-B167-4A25-B918-9B42BAC72FB1}"
EndProject
Global
	GlobalSection(SolutionConfigurationPlatforms) = preSolution
		Debug|x86 = Debug|x86
		Release|x86 = Release|x86
	EndGlobalSection
	GlobalSection(ProjectConfigurationPlatforms) = postSolution
		{5AED6713-B167-4A25-B918-9B42BAC72FB1}.Debug|x86.ActiveCfg = Debug|x86
		{5AED6713-B167-4A25-B918-9B42BAC72FB1}.Debug|x86.Build.0 = Debug|x86
		{5AED6713-B167-4A25-B918-9B42BAC72FB1}.Release|x86.ActiveCfg = Release|x86
		{5AED6713-B167-4A25-B918-9B42BAC72FB1}.Release|x86.Build.0 = Release|x86
	EndGlobalSection
	GlobalSection(SolutionProperties) = preSolution
		HideSolutionNode = FALSE
	EndGlobalSection
	GlobalSection(ExtensibilityGlobals) = postSolution
		SolutionGuid = {89B8B5E4-AF87-4133-989A-ECCE483F36E9}
	EndGlobalSection
EndGlobal
